
Microsoft Visual Studio Solution File, Format Version 12.00
# Visual Studio 2013
VisualStudioVersion = 12.0.30723.0
MinimumVisualStudioVersion = 10.0.40219.1
Project("{2150E333-8FDC-42A3-9474-1A3956D46DE8}") = "DAL", "DAL", "{E9F920B8-A45D-40E0-9312-82A1972B9D54}"
EndProject
Project("{2150E333-8FDC-42A3-9474-1A3956D46DE8}") = "Interface", "Interface", "{E02D714E-CF74-462D-AA7D-45C9C18CDEC6}"
EndProject
Project("{2150E333-8FDC-42A3-9474-1A3956D46DE8}") = "Service", "Service", "{5B7B5DB4-B14F-49DE-8F93-3CE050A9CB14}"
EndProject
Project("{FAE04EC0-301F-11D3-BF4B-00C04F79EFBC}") = "ServiceDemo.Interface", "ServiceDemo.Interface\ServiceDemo.Interface.csproj", "{6E01230B-A18B-4E3C-8FE1-0EE1153AC6C0}"
EndProject
Project("{FAE04EC0-301F-11D3-BF4B-00C04F79EFBC}") = "ServiceDemo.Model", "ServiceDemo.Model\ServiceDemo.Model.csproj", "{299E3EE8-48AC-48A0-B9E7-2E5CC161F912}"
EndProject
Project("{FAE04EC0-301F-11D3-BF4B-00C04F79EFBC}") = "ServiceDemo.DAL.SqlServer", "ServiceDemo.DAL.SqlServer\ServiceDemo.DAL.SqlServer.csproj", "{68E1F048-8567-4CC7-9088-FE8E245AE098}"
EndProject
Project("{FAE04EC0-301F-11D3-BF4B-00C04F79EFBC}") = "ServiceDemo.DAL.Mongo", "ServiceDemo.DAL.Mongo\ServiceDemo.DAL.Mongo.csproj", "{D8AA993A-28FE-4A22-AFE1-1EDBFB9D8FF3}"
EndProject
Project("{FAE04EC0-301F-11D3-BF4B-00C04F79EFBC}") = "ServiceDemo.DAL.Redis", "ServiceDemo.DAL.Redis\ServiceDemo.DAL.Redis.csproj", "{445C53A2-2E04-4DD1-95A8-F7B57ED320C2}"
EndProject
Project("{FAE04EC0-301F-11D3-BF4B-00C04F79EFBC}") = "ServiceDemo.Service.AtomService", "ServiceDemo.Service.AtomService\ServiceDemo.Service.AtomService.csproj", "{5C697882-403A-4718-9FFC-ED2EC6369A68}"
EndProject
Project("{FAE04EC0-301F-11D3-BF4B-00C04F79EFBC}") = "ServiceDemo.Service.FilterService", "ServiceDemo.Service.FilterService\ServiceDemo.Service.FilterService.csproj", "{81CA5C6C-BC3B-4718-966E-35F3736726D4}"
EndProject
Project("{FAE04EC0-301F-11D3-BF4B-00C04F79EFBC}") = "ServiceDemo.Service.SyncService", "ServiceDemo.Service.SyncService\ServiceDemo.Service.SyncService.csproj", "{5E9F4811-4DA4-44DC-85E0-B8CEFA9B78BF}"
EndProject
Project("{FAE04EC0-301F-11D3-BF4B-00C04F79EFBC}") = "ServiceDemo.DAL.DBAccess", "ServiceDemo.DAL.DBAccess\ServiceDemo.DAL.DBAccess.csproj", "{05FE2D43-0632-4C50-8B37-97CD49667854}"
EndProject
Project("{FAE04EC0-301F-11D3-BF4B-00C04F79EFBC}") = "ServiceDemo.DAL.Inter", "ServiceDemo.DAL.Inter\ServiceDemo.DAL.Inter.csproj", "{58964B1A-CF22-4A16-879C-B71C6D4B04F2}"
EndProject
Project("{2150E333-8FDC-42A3-9474-1A3956D46DE8}") = "Test", "Test", "{88A1AD55-9209-48C9-AA84-13527A2C4DA3}"
EndProject
Project("{FAE04EC0-301F-11D3-BF4B-00C04F79EFBC}") = "ServiceTest", "ServiceTest\ServiceTest.csproj", "{C99F386D-F128-4ECA-B2D5-6DD51DD23780}"
EndProject
Global
	GlobalSection(SolutionConfigurationPlatforms) = preSolution
		Debug|Any CPU = Debug|Any CPU
		Release|Any CPU = Release|Any CPU
	EndGlobalSection
	GlobalSection(ProjectConfigurationPlatforms) = postSolution
		{6E01230B-A18B-4E3C-8FE1-0EE1153AC6C0}.Debug|Any CPU.ActiveCfg = Debug|Any CPU
		{6E01230B-A18B-4E3C-8FE1-0EE1153AC6C0}.Debug|Any CPU.Build.0 = Debug|Any CPU
		{6E01230B-A18B-4E3C-8FE1-0EE1153AC6C0}.Release|Any CPU.ActiveCfg = Release|Any CPU
		{6E01230B-A18B-4E3C-8FE1-0EE1153AC6C0}.Release|Any CPU.Build.0 = Release|Any CPU
		{299E3EE8-48AC-48A0-B9E7-2E5CC161F912}.Debug|Any CPU.ActiveCfg = Debug|Any CPU
		{299E3EE8-48AC-48A0-B9E7-2E5CC161F912}.Debug|Any CPU.Build.0 = Debug|Any CPU
		{299E3EE8-48AC-48A0-B9E7-2E5CC161F912}.Release|Any CPU.ActiveCfg = Release|Any CPU
		{299E3EE8-48AC-48A0-B9E7-2E5CC161F912}.Release|Any CPU.Build.0 = Release|Any CPU
		{68E1F048-8567-4CC7-9088-FE8E245AE098}.Debug|Any CPU.ActiveCfg = Debug|Any CPU
		{68E1F048-8567-4CC7-9088-FE8E245AE098}.Debug|Any CPU.Build.0 = Debug|Any CPU
		{68E1F048-8567-4CC7-9088-FE8E245AE098}.Release|Any CPU.ActiveCfg = Release|Any CPU
		{68E1F048-8567-4CC7-9088-FE8E245AE098}.Release|Any CPU.Build.0 = Release|Any CPU
		{D8AA993A-28FE-4A22-AFE1-1EDBFB9D8FF3}.Debug|Any CPU.ActiveCfg = Debug|Any CPU
		{D8AA993A-28FE-4A22-AFE1-1EDBFB9D8FF3}.Debug|Any CPU.Build.0 = Debug|Any CPU
		{D8AA993A-28FE-4A22-AFE1-1EDBFB9D8FF3}.Release|Any CPU.ActiveCfg = Release|Any CPU
		{D8AA993A-28FE-4A22-AFE1-1EDBFB9D8FF3}.Release|Any CPU.Build.0 = Release|Any CPU
		{445C53A2-2E04-4DD1-95A8-F7B57ED320C2}.Debug|Any CPU.ActiveCfg = Debug|Any CPU
		{445C53A2-2E04-4DD1-95A8-F7B57ED320C2}.Debug|Any CPU.Build.0 = Debug|Any CPU
		{445C53A2-2E04-4DD1-95A8-F7B57ED320C2}.Release|Any CPU.ActiveCfg = Release|Any CPU
		{445C53A2-2E04-4DD1-95A8-F7B57ED320C2}.Release|Any CPU.Build.0 = Release|Any CPU
		{5C697882-403A-4718-9FFC-ED2EC6369A68}.Debug|Any CPU.ActiveCfg = Debug|Any CPU
		{5C697882-403A-4718-9FFC-ED2EC6369A68}.Debug|Any CPU.Build.0 = Debug|Any CPU
		{5C697882-403A-4718-9FFC-ED2EC6369A68}.Release|Any CPU.ActiveCfg = Release|Any CPU
		{5C697882-403A-4718-9FFC-ED2EC6369A68}.Release|Any CPU.Build.0 = Release|Any CPU
		{81CA5C6C-BC3B-4718-966E-35F3736726D4}.Debug|Any CPU.ActiveCfg = Debug|Any CPU
		{81CA5C6C-BC3B-4718-966E-35F3736726D4}.Debug|Any CPU.Build.0 = Debug|Any CPU
		{81CA5C6C-BC3B-4718-966E-35F3736726D4}.Release|Any CPU.ActiveCfg = Release|Any CPU
		{81CA5C6C-BC3B-4718-966E-35F3736726D4}.Release|Any CPU.Build.0 = Release|Any CPU
		{5E9F4811-4DA4-44DC-85E0-B8CEFA9B78BF}.Debug|Any CPU.ActiveCfg = Debug|Any CPU
		{5E9F4811-4DA4-44DC-85E0-B8CEFA9B78BF}.Debug|Any CPU.Build.0 = Debug|Any CPU
		{5E9F4811-4DA4-44DC-85E0-B8CEFA9B78BF}.Release|Any CPU.ActiveCfg = Release|Any CPU
		{5E9F4811-4DA4-44DC-85E0-B8CEFA9B78BF}.Release|Any CPU.Build.0 = Release|Any CPU
		{05FE2D43-0632-4C50-8B37-97CD49667854}.Debug|Any CPU.ActiveCfg = Debug|Any CPU
		{05FE2D43-0632-4C50-8B37-97CD49667854}.Debug|Any CPU.Build.0 = Debug|Any CPU
		{05FE2D43-0632-4C50-8B37-97CD49667854}.Release|Any CPU.ActiveCfg = Release|Any CPU
		{05FE2D43-0632-4C50-8B37-97CD49667854}.Release|Any CPU.Build.0 = Release|Any CPU
		{58964B1A-CF22-4A16-879C-B71C6D4B04F2}.Debug|Any CPU.ActiveCfg = Debug|Any CPU
		{58964B1A-CF22-4A16-879C-B71C6D4B04F2}.Debug|Any CPU.Build.0 = Debug|Any CPU
		{58964B1A-CF22-4A16-879C-B71C6D4B04F2}.Release|Any CPU.ActiveCfg = Release|Any CPU
		{58964B1A-CF22-4A16-879C-B71C6D4B04F2}.Release|Any CPU.Build.0 = Release|Any CPU
		{C99F386D-F128-4ECA-B2D5-6DD51DD23780}.Debug|Any CPU.ActiveCfg = Debug|Any CPU
		{C99F386D-F128-4ECA-B2D5-6DD51DD23780}.Debug|Any CPU.Build.0 = Debug|Any CPU
		{C99F386D-F128-4ECA-B2D5-6DD51DD23780}.Release|Any CPU.ActiveCfg = Release|Any CPU
		{C99F386D-F128-4ECA-B2D5-6DD51DD23780}.Release|Any CPU.Build.0 = Release|Any CPU
	EndGlobalSection
	GlobalSection(SolutionProperties) = preSolution
		HideSolutionNode = FALSE
	EndGlobalSection
	GlobalSection(NestedProjects) = preSolution
		{6E01230B-A18B-4E3C-8FE1-0EE1153AC6C0} = {E02D714E-CF74-462D-AA7D-45C9C18CDEC6}
		{299E3EE8-48AC-48A0-B9E7-2E5CC161F912} = {E02D714E-CF74-462D-AA7D-45C9C18CDEC6}
		{68E1F048-8567-4CC7-9088-FE8E245AE098} = {E9F920B8-A45D-40E0-9312-82A1972B9D54}
		{D8AA993A-28FE-4A22-AFE1-1EDBFB9D8FF3} = {E9F920B8-A45D-40E0-9312-82A1972B9D54}
		{445C53A2-2E04-4DD1-95A8-F7B57ED320C2} = {E9F920B8-A45D-40E0-9312-82A1972B9D54}
		{5C697882-403A-4718-9FFC-ED2EC6369A68} = {5B7B5DB4-B14F-49DE-8F93-3CE050A9CB14}
		{81CA5C6C-BC3B-4718-966E-35F3736726D4} = {5B7B5DB4-B14F-49DE-8F93-3CE050A9CB14}
		{5E9F4811-4DA4-44DC-85E0-B8CEFA9B78BF} = {5B7B5DB4-B14F-49DE-8F93-3CE050A9CB14}
		{05FE2D43-0632-4C50-8B37-97CD49667854} = {E9F920B8-A45D-40E0-9312-82A1972B9D54}
		{58964B1A-CF22-4A16-879C-B71C6D4B04F2} = {E9F920B8-A45D-40E0-9312-82A1972B9D54}
		{C99F386D-F128-4ECA-B2D5-6DD51DD23780} = {88A1AD55-9209-48C9-AA84-13527A2C4DA3}
	EndGlobalSection
EndGlobal
